PODS:
  - Flutter (1.0.0)
  - hikvision_flutter (0.0.1):
    - Flutter

DEPENDENCIES:
  - Flutter (from `Flutter`)
  - hikvision_flutter (from `.symlinks/plugins/hikvision_flutter/ios`)

EXTERNAL SOURCES:
  Flutter:
    :path: Flutter
  hikvision_flutter:
    :path: ".symlinks/plugins/hikvision_flutter/ios"

SPEC CHECKSUMS:
  Flutter: 50d75fe2f02b26cc09d224853bb45737f8b3214a
  hikvision_flutter: 39b79f18499221b30914b24735083cf05a9dc331

PODFILE CHECKSUM: 8e679eca47255a8ca8067c4c67aab20e64cb974d

COCOAPODS: 1.11.2
